
Microsoft Visual Studio Solution File, Format Version 12.00
# Visual Studio Version 17
VisualStudioVersion = 17.5.002.0
MinimumVisualStudioVersion = 10.0.40219.1
Project("{9A19103F-16F7-4668-BE54-9A1E7A4F7556}") = "MadLibs", "MadLibs.csproj", "{953DC0E6-77BC-443E-833D-132160686CC2}"
EndProject
Global
	GlobalSection(SolutionConfigurationPlatforms) = preSolution
		Debug|Any CPU = Debug|Any CPU
		Release|Any CPU = Release|Any CPU
	EndGlobalSection
	GlobalSection(ProjectConfigurationPlatforms) = postSolution
		{953DC0E6-77BC-443E-833D-132160686CC2}.Debug|Any CPU.ActiveCfg = Debug|Any CPU
		{953DC0E6-77BC-443E-833D-132160686CC2}.Debug|Any CPU.Build.0 = Debug|Any CPU
		{953DC0E6-77BC-443E-833D-132160686CC2}.Release|Any CPU.ActiveCfg = Release|Any CPU
		{953DC0E6-77BC-443E-833D-132160686CC2}.Release|Any CPU.Build.0 = Release|Any CPU
	EndGlobalSection
	GlobalSection(SolutionProperties) = preSolution
		HideSolutionNode = FALSE
	EndGlobalSection
	GlobalSection(ExtensibilityGlobals) = postSolution
		SolutionGuid = {178FBE18-AF91-418A-A6CB-683FA733AF55}
	EndGlobalSection
EndGlobal
